
Microsoft Visual Studio Solution File, Format Version 12.00
# Visual Studio 15
VisualStudioVersion = 15.0.27428.2043
MinimumVisualStudioVersion = 10.0.40219.1
Project("{FAE04EC0-301F-11D3-BF4B-00C04F79EFBC}") = "OutputCacheExample.Web", "OutputCacheExample.Web\OutputCacheExample.Web.csproj", "{DC870CFB-6CB6-4596-91FC-8C0513FE8A19}"
EndProject
Project("{FAE04EC0-301F-11D3-BF4B-00C04F79EFBC}") = "OutputCacheExample.Api", "OutputCacheExample.Api\OutputCacheExample.Api.csproj", "{C8CAD3BD-2383-4BD6-8FEE-B6673DA89AAB}"
EndProject
Project("{FAE04EC0-301F-11D3-BF4B-00C04F79EFBC}") = "OutputCacheExample.Core", "OutputCacheExample.Core\OutputCacheExample.Core.csproj", "{EC479956-B668-43FB-9EBE-20E6CA19C3B1}"
EndProject
Global
	GlobalSection(SolutionConfigurationPlatforms) = preSolution
		Debug|Any CPU = Debug|Any CPU
		Release|Any CPU = Release|Any CPU
	EndGlobalSection
	GlobalSection(ProjectConfigurationPlatforms) = postSolution
		{DC870CFB-6CB6-4596-91FC-8C0513FE8A19}.Debug|Any CPU.ActiveCfg = Debug|Any CPU
		{DC870CFB-6CB6-4596-91FC-8C0513FE8A19}.Debug|Any CPU.Build.0 = Debug|Any CPU
		{DC870CFB-6CB6-4596-91FC-8C0513FE8A19}.Release|Any CPU.ActiveCfg = Release|Any CPU
		{DC870CFB-6CB6-4596-91FC-8C0513FE8A19}.Release|Any CPU.Build.0 = Release|Any CPU
		{C8CAD3BD-2383-4BD6-8FEE-B6673DA89AAB}.Debug|Any CPU.ActiveCfg = Debug|Any CPU
		{C8CAD3BD-2383-4BD6-8FEE-B6673DA89AAB}.Debug|Any CPU.Build.0 = Debug|Any CPU
		{C8CAD3BD-2383-4BD6-8FEE-B6673DA89AAB}.Release|Any CPU.ActiveCfg = Release|Any CPU
		{C8CAD3BD-2383-4BD6-8FEE-B6673DA89AAB}.Release|Any CPU.Build.0 = Release|Any CPU
		{EC479956-B668-43FB-9EBE-20E6CA19C3B1}.Debug|Any CPU.ActiveCfg = Debug|Any CPU
		{EC479956-B668-43FB-9EBE-20E6CA19C3B1}.Debug|Any CPU.Build.0 = Debug|Any CPU
		{EC479956-B668-43FB-9EBE-20E6CA19C3B1}.Release|Any CPU.ActiveCfg = Release|Any CPU
		{EC479956-B668-43FB-9EBE-20E6CA19C3B1}.Release|Any CPU.Build.0 = Release|Any CPU
	EndGlobalSection
	GlobalSection(SolutionProperties) = preSolution
		HideSolutionNode = FALSE
	EndGlobalSection
	GlobalSection(ExtensibilityGlobals) = postSolution
		SolutionGuid = {B3336F2B-8C06-41D5-99AD-5918868134A5}
	EndGlobalSection
EndGlobal
